
Microsoft Visual Studio Solution File, Format Version 12.00
# Visual Studio 15
VisualStudioVersion = 15.0.28307.421
MinimumVisualStudioVersion = 10.0.40219.1
Project("{FAE04EC0-301F-11D3-BF4B-00C04F79EFBC}") = "Eshop", "Eshop\Eshop.csproj", "{5226307C-E2DD-4648-B234-4F1039A81E53}"
EndProject
Project("{FAE04EC0-301F-11D3-BF4B-00C04F79EFBC}") = "ConsoleEshop", "ConsoleEshop\ConsoleEshop.csproj", "{42EBF423-6043-4DA8-9FCF-C16539D6C0CF}"
EndProject
Global
	GlobalSection(SolutionConfigurationPlatforms) = preSolution
		Debug|Any CPU = Debug|Any CPU
		Release|Any CPU = Release|Any CPU
	EndGlobalSection
	GlobalSection(ProjectConfigurationPlatforms) = postSolution
		{5226307C-E2DD-4648-B234-4F1039A81E53}.Debug|Any CPU.ActiveCfg = Debug|Any CPU
		{5226307C-E2DD-4648-B234-4F1039A81E53}.Debug|Any CPU.Build.0 = Debug|Any CPU
		{5226307C-E2DD-4648-B234-4F1039A81E53}.Release|Any CPU.ActiveCfg = Release|Any CPU
		{5226307C-E2DD-4648-B234-4F1039A81E53}.Release|Any CPU.Build.0 = Release|Any CPU
		{42EBF423-6043-4DA8-9FCF-C16539D6C0CF}.Debug|Any CPU.ActiveCfg = Debug|Any CPU
		{42EBF423-6043-4DA8-9FCF-C16539D6C0CF}.Debug|Any CPU.Build.0 = Debug|Any CPU
		{42EBF423-6043-4DA8-9FCF-C16539D6C0CF}.Release|Any CPU.ActiveCfg = Release|Any CPU
		{42EBF423-6043-4DA8-9FCF-C16539D6C0CF}.Release|Any CPU.Build.0 = Release|Any CPU
	EndGlobalSection
	GlobalSection(SolutionProperties) = preSolution
		HideSolutionNode = FALSE
	EndGlobalSection
	GlobalSection(ExtensibilityGlobals) = postSolution
		SolutionGuid = {C9FF51E0-BEBE-45CA-BA92-6664336BF9C5}
	EndGlobalSection
EndGlobal
