
Microsoft Visual Studio Solution File, Format Version 12.00
# Visual Studio 15
VisualStudioVersion = 15.0.28010.2041
MinimumVisualStudioVersion = 10.0.40219.1
Project("{FAE04EC0-301F-11D3-BF4B-00C04F79EFBC}") = "VezbiCas", "VezbiCas\VezbiCas.csproj", "{95B75DE1-ADFB-49E8-9E18-AAE506FD40EC}"
EndProject
Project("{FAE04EC0-301F-11D3-BF4B-00C04F79EFBC}") = "ConsoleApp1", "ConsoleApp1\ConsoleApp1.csproj", "{04D4C402-8FB1-4854-A50D-C6D669C7A126}"
EndProject
Global
	GlobalSection(SolutionConfigurationPlatforms) = preSolution
		Debug|Any CPU = Debug|Any CPU
		Release|Any CPU = Release|Any CPU
	EndGlobalSection
	GlobalSection(ProjectConfigurationPlatforms) = postSolution
		{95B75DE1-ADFB-49E8-9E18-AAE506FD40EC}.Debug|Any CPU.ActiveCfg = Debug|Any CPU
		{95B75DE1-ADFB-49E8-9E18-AAE506FD40EC}.Debug|Any CPU.Build.0 = Debug|Any CPU
		{95B75DE1-ADFB-49E8-9E18-AAE506FD40EC}.Release|Any CPU.ActiveCfg = Release|Any CPU
		{95B75DE1-ADFB-49E8-9E18-AAE506FD40EC}.Release|Any CPU.Build.0 = Release|Any CPU
		{04D4C402-8FB1-4854-A50D-C6D669C7A126}.Debug|Any CPU.ActiveCfg = Debug|Any CPU
		{04D4C402-8FB1-4854-A50D-C6D669C7A126}.Debug|Any CPU.Build.0 = Debug|Any CPU
		{04D4C402-8FB1-4854-A50D-C6D669C7A126}.Release|Any CPU.ActiveCfg = Release|Any CPU
		{04D4C402-8FB1-4854-A50D-C6D669C7A126}.Release|Any CPU.Build.0 = Release|Any CPU
	EndGlobalSection
	GlobalSection(SolutionProperties) = preSolution
		HideSolutionNode = FALSE
	EndGlobalSection
	GlobalSection(ExtensibilityGlobals) = postSolution
		SolutionGuid = {87C8101D-F3B8-4DB6-84C3-53F85AB9CE23}
	EndGlobalSection
EndGlobal
